
Microsoft Visual Studio Solution File, Format Version 12.00
# Visual Studio Version 17
VisualStudioVersion = 17.6.33829.357
MinimumVisualStudioVersion = 10.0.40219.1
Project("{888888A0-9F3D-457C-B088-3A5042F75D52}") = "TO-DO LIST", "TO-DO LIST\TO-DO LIST.pyproj", "{87DE6D3A-60B6-4BB3-B0EC-5043A7C0CF94}"
EndProject
Global
	GlobalSection(SolutionConfigurationPlatforms) = preSolution
		Debug|Any CPU = Debug|Any CPU
		Release|Any CPU = Release|Any CPU
	EndGlobalSection
	GlobalSection(ProjectConfigurationPlatforms) = postSolution
		{87DE6D3A-60B6-4BB3-B0EC-5043A7C0CF94}.Debug|Any CPU.ActiveCfg = Debug|Any CPU
		{87DE6D3A-60B6-4BB3-B0EC-5043A7C0CF94}.Release|Any CPU.ActiveCfg = Release|Any CPU
	EndGlobalSection
	GlobalSection(SolutionProperties) = preSolution
		HideSolutionNode = FALSE
	EndGlobalSection
	GlobalSection(ExtensibilityGlobals) = postSolution
		SolutionGuid = {89BC825C-60B9-476A-BF9B-4E4040BF1C3B}
	EndGlobalSection
EndGlobal
